{
  "requires": true,
  "lockfileVersion": 1,
  "dependencies": {
    "@progress/kendo-angular-dateinputs": {
      "version": "3.4.2",
      "resolved": "https://registry.npmjs.org/@progress/kendo-angular-dateinputs/-/kendo-angular-dateinputs-3.4.2.tgz",
      "integrity": "sha512-kfH5AK0nJRTv+aFpk04TYUmP1mfY7T6eEW3JmGWzoUvkG/t9g0gC4Rqzsf2cCXNaWsKVUS8N89g8LZSD8FT6Gg==",
      "requires": {
        "@progress/kendo-angular-popup": "2.4.1",
        "@progress/kendo-date-math": "1.2.0",
        "@progress/kendo-schematics": "0.2.3",
        "tslib": "1.9.3"
      }
    },
    "@progress/kendo-angular-intl": {
      "version": "1.4.1",
      "resolved": "https://registry.npmjs.org/@progress/kendo-angular-intl/-/kendo-angular-intl-1.4.1.tgz",
      "integrity": "sha512-Y8YyrAkgZxAPHoU/mV4mqR68De+uKISv9nmRURk+0jjt0cMcCMIcl+7ImZ4oWWHiYOTRErvHNKXCt53i+8fAXA==",
      "requires": {
        "@telerik/kendo-intl": "1.4.1",
        "tslib": "1.9.3"
      }
    },
    "@progress/kendo-angular-l10n": {
      "version": "1.2.0",
      "resolved": "https://registry.npmjs.org/@progress/kendo-angular-l10n/-/kendo-angular-l10n-1.2.0.tgz",
      "integrity": "sha512-XwZqk/MKS81AA2/7/9eGirpcppD3H5yKF9g9AlMydVmWdE54MPrTPR4OjRd3JN1d0I9lJOyae34v+BC33nHyGg==",
      "requires": {
        "tslib": "1.9.3"
      }
    },
    "@progress/kendo-angular-popup": {
      "version": "2.4.1",
      "resolved": "https://registry.npmjs.org/@progress/kendo-angular-popup/-/kendo-angular-popup-2.4.1.tgz",
      "integrity": "sha512-JcQ7flFAtkLJVcCt7iCKskuXzJyWnBC4UFqXpgAAN15PHpFtjgG8MvTXPgxMduamFjWujwZj5OY4UHVuY7kbIw==",
      "requires": {
        "@progress/kendo-popup-common": "1.6.0",
        "@progress/kendo-schematics": "0.2.3",
        "tslib": "1.9.2"
      },
      "dependencies": {
        "tslib": {
          "version": "1.9.2",
          "resolved": "https://registry.npmjs.org/tslib/-/tslib-1.9.2.tgz",
          "integrity": "sha512-AVP5Xol3WivEr7hnssHDsaM+lVrVXWUvd1cfXTRkTj80b//6g2wIFEH6hZG0muGZRnHGrfttpdzRk3YlBkWjKw=="
        }
      }
    },
    "@progress/kendo-date-math": {
      "version": "1.2.0",
      "resolved": "https://registry.npmjs.org/@progress/kendo-date-math/-/kendo-date-math-1.2.0.tgz",
      "integrity": "sha512-SVj6lSajwgI/dxqn+Gm1Pe1T8aaQkMmf/1ALETx2pii6SMLDLdCH9tp6Kp+M5t+NDqppLVrdMYDXWng9buiU8A==",
      "requires": {
        "tslib": "1.9.2"
      },
      "dependencies": {
        "tslib": {
          "version": "1.9.2",
          "resolved": "https://registry.npmjs.org/tslib/-/tslib-1.9.2.tgz",
          "integrity": "sha512-AVP5Xol3WivEr7hnssHDsaM+lVrVXWUvd1cfXTRkTj80b//6g2wIFEH6hZG0muGZRnHGrfttpdzRk3YlBkWjKw=="
        }
      }
    },
    "@progress/kendo-popup-common": {
      "version": "1.6.0",
      "resolved": "https://registry.npmjs.org/@progress/kendo-popup-common/-/kendo-popup-common-1.6.0.tgz",
      "integrity": "sha512-b560fcHaLrTmuap6POKpheoIQMJYbea+p7rKX2GOGZrxT2AGNxyWIHoi2nISxSbziCW2MB0R9LqAxAFXu4qymQ=="
    },
    "@progress/kendo-schematics": {
      "version": "0.2.3",
      "resolved": "https://registry.npmjs.org/@progress/kendo-schematics/-/kendo-schematics-0.2.3.tgz",
      "integrity": "sha512-W+6VNQWAdhH3a1/9f4Lbqq4Cy39V9ErNdA9R21xcAL49GPJPPGaZKsN6xOQvbs1NO41J/XUrPf3NIMWoEqDHug=="
    },
    "@telerik/kendo-intl": {
      "version": "1.4.1",
      "resolved": "https://registry.npmjs.org/@telerik/kendo-intl/-/kendo-intl-1.4.1.tgz",
      "integrity": "sha1-Rqficeuk7lkatk39yYobHgjxZUw="
    },
    "rxjs": {
      "version": "5.5.11",
      "resolved": "https://registry.npmjs.org/rxjs/-/rxjs-5.5.11.tgz",
      "integrity": "sha512-3bjO7UwWfA2CV7lmwYMBzj4fQ6Cq+ftHc2MvUe+WMS7wcdJ1LosDWmdjPQanYp2dBRj572p7PeU81JUxHKOcBA==",
      "requires": {
        "symbol-observable": "1.0.1"
      }
    },
    "symbol-observable": {
      "version": "1.0.1",
      "resolved": "https://registry.npmjs.org/symbol-observable/-/symbol-observable-1.0.1.tgz",
      "integrity": "sha1-g0D8RwLDEi310iKI+IKD9RPT/dQ="
    },
    "tslib": {
      "version": "1.9.3",
      "resolved": "https://registry.npmjs.org/tslib/-/tslib-1.9.3.tgz",
      "integrity": "sha512-4krF8scpejhaOgqzBEcGM7yDIEfi0/8+8zDRZhNZZ2kjmHJ4hv3zCbQWxoJGz1iw5U0Jl0nma13xzHXcncMavQ=="
    }
  }
}
