
Microsoft Visual Studio Solution File, Format Version 12.00
# Visual Studio 15
VisualStudioVersion = 15.0.27428.2043
MinimumVisualStudioVersion = 10.0.40219.1
Project("{9A19103F-16F7-4668-BE54-9A1E7A4F7556}") = "SessionRequest", "SessionRequest.csproj", "{CF0E7925-6CA0-4C50-A2DC-78A53381922C}"
EndProject
Global
	GlobalSection(SolutionConfigurationPlatforms) = preSolution
		Debug|Any CPU = Debug|Any CPU
		Release|Any CPU = Release|Any CPU
	EndGlobalSection
	GlobalSection(ProjectConfigurationPlatforms) = postSolution
		{CF0E7925-6CA0-4C50-A2DC-78A53381922C}.Debug|Any CPU.ActiveCfg = Debug|Any CPU
		{CF0E7925-6CA0-4C50-A2DC-78A53381922C}.Debug|Any CPU.Build.0 = Debug|Any CPU
		{CF0E7925-6CA0-4C50-A2DC-78A53381922C}.Release|Any CPU.ActiveCfg = Release|Any CPU
		{CF0E7925-6CA0-4C50-A2DC-78A53381922C}.Release|Any CPU.Build.0 = Release|Any CPU
	EndGlobalSection
	GlobalSection(SolutionProperties) = preSolution
		HideSolutionNode = FALSE
	EndGlobalSection
	GlobalSection(ExtensibilityGlobals) = postSolution
		SolutionGuid = {F1B3A0CB-C065-4B30-ADFA-367B5E52200F}
	EndGlobalSection
EndGlobal
